
Microsoft Visual Studio Solution File, Format Version 12.00
# Visual Studio 2012
Project("{FAE04EC0-301F-11D3-BF4B-00C04F79EFBC}") = "RestoranApp", "RestoranApp\RestoranApp.csproj", "{1BB0391A-10DC-40E3-B69D-79E37F83A2C3}"
EndProject
Global
	GlobalSection(SolutionConfigurationPlatforms) = preSolution
		Debug|x86 = Debug|x86
		Release|x86 = Release|x86
	EndGlobalSection
	GlobalSection(ProjectConfigurationPlatforms) = postSolution
		{1BB0391A-10DC-40E3-B69D-79E37F83A2C3}.Debug|x86.ActiveCfg = Debug|x86
		{1BB0391A-10DC-40E3-B69D-79E37F83A2C3}.Debug|x86.Build.0 = Debug|x86
		{1BB0391A-10DC-40E3-B69D-79E37F83A2C3}.Release|x86.ActiveCfg = Release|x86
		{1BB0391A-10DC-40E3-B69D-79E37F83A2C3}.Release|x86.Build.0 = Release|x86
	EndGlobalSection
EndGlobal
